PODS:
  - Pickle (1.3.0)
  - SwiftLint (0.23.1)

DEPENDENCIES:
  - Pickle (from `../`)
  - SwiftLint (= 0.23.1)

EXTERNAL SOURCES:
  Pickle:
    :path: ../

SPEC CHECKSUMS:
  Pickle: e845765b22fec98dc7eff51f327e7ad22834a3d2
  SwiftLint: 1b670ce79284c76520f84060e87d645078fd32fa

PODFILE CHECKSUM: 47f97668e0890347a0b2faf96d7471347d1e708a

COCOAPODS: 1.3.1
