PODS:
  - Pickle (1.1.0)
  - SwiftLint (0.18.1)

DEPENDENCIES:
  - Pickle (from `../`)
  - SwiftLint

EXTERNAL SOURCES:
  Pickle:
    :path: "../"

SPEC CHECKSUMS:
  Pickle: 1482e432a75aa9454d254916765f6079668e51c1
  SwiftLint: b467d08f5b25dc3b3cfed243d8e1b74b91714c67

PODFILE CHECKSUM: deb6efd06d1eb162719911e286f38d05b1590fdb

COCOAPODS: 1.2.1
