PODS:
  - Pickle (1.3.1)
  - SwiftLint (0.27.0)

DEPENDENCIES:
  - Pickle (from `../`)
  - SwiftLint (from `https://raw.githubusercontent.com/CocoaPods/Specs/master/Specs/4/0/1/SwiftLint/0.27.0/SwiftLint.podspec.json`)

EXTERNAL SOURCES:
  Pickle:
    :path: "../"
  SwiftLint:
    :podspec: https://raw.githubusercontent.com/CocoaPods/Specs/master/Specs/4/0/1/SwiftLint/0.27.0/SwiftLint.podspec.json

SPEC CHECKSUMS:
  Pickle: 63e33e08fcb1490b9b932bcdb50c12ecdc3cecc2
  SwiftLint: 3207c1faa2240bf8973b191820a116113cd11073

PODFILE CHECKSUM: 876096377525bec4eeb5dc771e7fdfbcdcb46898

COCOAPODS: 1.5.2
