PODS:
  - SwiftLint (0.27.0)

DEPENDENCIES:
  - SwiftLint (from `https://raw.githubusercontent.com/CocoaPods/Specs/master/Specs/4/0/1/SwiftLint/0.27.0/SwiftLint.podspec.json`)

EXTERNAL SOURCES:
  SwiftLint:
    :podspec: https://raw.githubusercontent.com/CocoaPods/Specs/master/Specs/4/0/1/SwiftLint/0.27.0/SwiftLint.podspec.json

SPEC CHECKSUMS:
  SwiftLint: 3207c1faa2240bf8973b191820a116113cd11073

PODFILE CHECKSUM: 5544d7bec6884c7d7e101b6ae03c13da7cff3a4f

COCOAPODS: 1.6.1
